
Microsoft Visual Studio Solution File, Format Version 12.00
# Visual Studio Version 16
VisualStudioVersion = 16.0.29001.49
MinimumVisualStudioVersion = 10.0.40219.1
Project("{FAE04EC0-301F-11D3-BF4B-00C04F79EFBC}") = "BillingSystemWebAPI", "BillingSystemWebAPI\BillingSystemWebAPI.csproj", "{1DD5DFDA-10DB-41B4-B21B-C1EDE842DB24}"
EndProject
Global
	GlobalSection(SolutionConfigurationPlatforms) = preSolution
		Debug|Any CPU = Debug|Any CPU
		Release|Any CPU = Release|Any CPU
	EndGlobalSection
	GlobalSection(ProjectConfigurationPlatforms) = postSolution
		{1DD5DFDA-10DB-41B4-B21B-C1EDE842DB24}.Debug|Any CPU.ActiveCfg = Debug|Any CPU
		{1DD5DFDA-10DB-41B4-B21B-C1EDE842DB24}.Debug|Any CPU.Build.0 = Debug|Any CPU
		{1DD5DFDA-10DB-41B4-B21B-C1EDE842DB24}.Release|Any CPU.ActiveCfg = Release|Any CPU
		{1DD5DFDA-10DB-41B4-B21B-C1EDE842DB24}.Release|Any CPU.Build.0 = Release|Any CPU
	EndGlobalSection
	GlobalSection(SolutionProperties) = preSolution
		HideSolutionNode = FALSE
	EndGlobalSection
	GlobalSection(ExtensibilityGlobals) = postSolution
		SolutionGuid = {5119E884-C97B-476B-84F9-71D5222400A8}
	EndGlobalSection
EndGlobal
